
Microsoft Visual Studio Solution File, Format Version 12.00
# Visual Studio 14
VisualStudioVersion = 14.0.23107.0
MinimumVisualStudioVersion = 10.0.40219.1
Project("{8BC9CEB8-8B4A-11D0-8D11-00A0C91BC942}") = "PatternCount", "PatternCount\PatternCount.vcxproj", "{689195BB-0667-45FB-8799-6EE0A54FFFD0}"
EndProject
Project("{8BC9CEB8-8B4A-11D0-8D11-00A0C91BC942}") = "FreqWordsProblem", "FreqWordsProblem\FreqWordsProblem.vcxproj", "{FDFD1C92-5592-4529-8B1D-88E625D809A0}"
EndProject
Project("{8BC9CEB8-8B4A-11D0-8D11-00A0C91BC942}") = "ReverseComplement", "ReverseComplement\ReverseComplement.vcxproj", "{A473C596-CC0E-4B4F-B2FC-EDF9F0188BF3}"
EndProject
Project("{8BC9CEB8-8B4A-11D0-8D11-00A0C91BC942}") = "PatternMatching", "PatternMatching\PatternMatching.vcxproj", "{427AAF45-73B4-420F-8C51-DE94E0DF7066}"
EndProject
Project("{8BC9CEB8-8B4A-11D0-8D11-00A0C91BC942}") = "kMerFreq", "kMerFreq\kMerFreq.vcxproj", "{D5FBEC7B-9221-4535-A861-332F1F5AE4F3}"
EndProject
Project("{8BC9CEB8-8B4A-11D0-8D11-00A0C91BC942}") = "ClumpFinding", "ClumpFinding\ClumpFinding.vcxproj", "{E7F67FB2-0691-4C3F-BA7C-456C36E03D3D}"
EndProject
Project("{8BC9CEB8-8B4A-11D0-8D11-00A0C91BC942}") = "Skew", "Skew\Skew.vcxproj", "{964149E4-0B73-4CBE-87C1-FBDC34A7AFE1}"
EndProject
Project("{8BC9CEB8-8B4A-11D0-8D11-00A0C91BC942}") = "MinSkewProblem", "MinSkewProblem\MinSkewProblem.vcxproj", "{47E4726E-D110-4B58-8D78-F96BF8A522C4}"
EndProject
Project("{8BC9CEB8-8B4A-11D0-8D11-00A0C91BC942}") = "HammingDistance", "HammingDistance\HammingDistance.vcxproj", "{9CCF1F46-77FB-4BA7-8B63-5D0441CFE6D2}"
EndProject
Project("{8BC9CEB8-8B4A-11D0-8D11-00A0C91BC942}") = "AproxPatternMatching", "AproxPatternMatching\AproxPatternMatching.vcxproj", "{7426F0DE-E6FA-45A8-8056-741B0952D633}"
EndProject
Project("{8BC9CEB8-8B4A-11D0-8D11-00A0C91BC942}") = "AproxPatternCount", "AproxPatternCount\AproxPatternCount.vcxproj", "{4EDE414F-2F04-494A-92F9-A3021C768E8B}"
EndProject
Project("{8BC9CEB8-8B4A-11D0-8D11-00A0C91BC942}") = "FreqWordsWithMismatch", "FreqWordsWithMismatch\FreqWordsWithMismatch.vcxproj", "{BAFEAD9C-AD28-4817-AC7C-8FDCE3192B20}"
EndProject
Project("{8BC9CEB8-8B4A-11D0-8D11-00A0C91BC942}") = "Neighbours", "Neighbours\Neighbours.vcxproj", "{0D63DACC-C7A1-4A67-A103-E85DF0324905}"
EndProject
Project("{8BC9CEB8-8B4A-11D0-8D11-00A0C91BC942}") = "MotifEnumeration", "MotifEnumeration\MotifEnumeration.vcxproj", "{5D82FF6F-2316-4CE9-BC94-1E288E1A7B42}"
EndProject
Project("{8BC9CEB8-8B4A-11D0-8D11-00A0C91BC942}") = "MedianString", "MedianString\MedianString.vcxproj", "{34B96AC4-E474-43CA-8CA2-0F3BB857900C}"
EndProject
Project("{8BC9CEB8-8B4A-11D0-8D11-00A0C91BC942}") = "MostProbableKmerFromProfile", "MostProbableKmerFromProfile\MostProbableKmerFromProfile.vcxproj", "{C7531065-4D01-4202-B068-6F3EEAA80267}"
EndProject
Global
	GlobalSection(SolutionConfigurationPlatforms) = preSolution
		Debug|x64 = Debug|x64
		Debug|x86 = Debug|x86
		Release|x64 = Release|x64
		Release|x86 = Release|x86
	EndGlobalSection
	GlobalSection(ProjectConfigurationPlatforms) = postSolution
		{689195BB-0667-45FB-8799-6EE0A54FFFD0}.Debug|x64.ActiveCfg = Debug|x64
		{689195BB-0667-45FB-8799-6EE0A54FFFD0}.Debug|x64.Build.0 = Debug|x64
		{689195BB-0667-45FB-8799-6EE0A54FFFD0}.Debug|x86.ActiveCfg = Debug|Win32
		{689195BB-0667-45FB-8799-6EE0A54FFFD0}.Debug|x86.Build.0 = Debug|Win32
		{689195BB-0667-45FB-8799-6EE0A54FFFD0}.Release|x64.ActiveCfg = Release|x64
		{689195BB-0667-45FB-8799-6EE0A54FFFD0}.Release|x64.Build.0 = Release|x64
		{689195BB-0667-45FB-8799-6EE0A54FFFD0}.Release|x86.ActiveCfg = Release|Win32
		{689195BB-0667-45FB-8799-6EE0A54FFFD0}.Release|x86.Build.0 = Release|Win32
		{FDFD1C92-5592-4529-8B1D-88E625D809A0}.Debug|x64.ActiveCfg = Debug|x64
		{FDFD1C92-5592-4529-8B1D-88E625D809A0}.Debug|x64.Build.0 = Debug|x64
		{FDFD1C92-5592-4529-8B1D-88E625D809A0}.Debug|x86.ActiveCfg = Debug|Win32
		{FDFD1C92-5592-4529-8B1D-88E625D809A0}.Debug|x86.Build.0 = Debug|Win32
		{FDFD1C92-5592-4529-8B1D-88E625D809A0}.Release|x64.ActiveCfg = Release|x64
		{FDFD1C92-5592-4529-8B1D-88E625D809A0}.Release|x64.Build.0 = Release|x64
		{FDFD1C92-5592-4529-8B1D-88E625D809A0}.Release|x86.ActiveCfg = Release|Win32
		{FDFD1C92-5592-4529-8B1D-88E625D809A0}.Release|x86.Build.0 = Release|Win32
		{A473C596-CC0E-4B4F-B2FC-EDF9F0188BF3}.Debug|x64.ActiveCfg = Debug|x64
		{A473C596-CC0E-4B4F-B2FC-EDF9F0188BF3}.Debug|x64.Build.0 = Debug|x64
		{A473C596-CC0E-4B4F-B2FC-EDF9F0188BF3}.Debug|x86.ActiveCfg = Debug|Win32
		{A473C596-CC0E-4B4F-B2FC-EDF9F0188BF3}.Debug|x86.Build.0 = Debug|Win32
		{A473C596-CC0E-4B4F-B2FC-EDF9F0188BF3}.Release|x64.ActiveCfg = Release|x64
		{A473C596-CC0E-4B4F-B2FC-EDF9F0188BF3}.Release|x64.Build.0 = Release|x64
		{A473C596-CC0E-4B4F-B2FC-EDF9F0188BF3}.Release|x86.ActiveCfg = Release|Win32
		{A473C596-CC0E-4B4F-B2FC-EDF9F0188BF3}.Release|x86.Build.0 = Release|Win32
		{427AAF45-73B4-420F-8C51-DE94E0DF7066}.Debug|x64.ActiveCfg = Debug|x64
		{427AAF45-73B4-420F-8C51-DE94E0DF7066}.Debug|x64.Build.0 = Debug|x64
		{427AAF45-73B4-420F-8C51-DE94E0DF7066}.Debug|x86.ActiveCfg = Debug|Win32
		{427AAF45-73B4-420F-8C51-DE94E0DF7066}.Debug|x86.Build.0 = Debug|Win32
		{427AAF45-73B4-420F-8C51-DE94E0DF7066}.Release|x64.ActiveCfg = Release|x64
		{427AAF45-73B4-420F-8C51-DE94E0DF7066}.Release|x64.Build.0 = Release|x64
		{427AAF45-73B4-420F-8C51-DE94E0DF7066}.Release|x86.ActiveCfg = Release|Win32
		{427AAF45-73B4-420F-8C51-DE94E0DF7066}.Release|x86.Build.0 = Release|Win32
		{D5FBEC7B-9221-4535-A861-332F1F5AE4F3}.Debug|x64.ActiveCfg = Debug|x64
		{D5FBEC7B-9221-4535-A861-332F1F5AE4F3}.Debug|x64.Build.0 = Debug|x64
		{D5FBEC7B-9221-4535-A861-332F1F5AE4F3}.Debug|x86.ActiveCfg = Debug|Win32
		{D5FBEC7B-9221-4535-A861-332F1F5AE4F3}.Debug|x86.Build.0 = Debug|Win32
		{D5FBEC7B-9221-4535-A861-332F1F5AE4F3}.Release|x64.ActiveCfg = Release|x64
		{D5FBEC7B-9221-4535-A861-332F1F5AE4F3}.Release|x64.Build.0 = Release|x64
		{D5FBEC7B-9221-4535-A861-332F1F5AE4F3}.Release|x86.ActiveCfg = Release|Win32
		{D5FBEC7B-9221-4535-A861-332F1F5AE4F3}.Release|x86.Build.0 = Release|Win32
		{E7F67FB2-0691-4C3F-BA7C-456C36E03D3D}.Debug|x64.ActiveCfg = Debug|x64
		{E7F67FB2-0691-4C3F-BA7C-456C36E03D3D}.Debug|x64.Build.0 = Debug|x64
		{E7F67FB2-0691-4C3F-BA7C-456C36E03D3D}.Debug|x86.ActiveCfg = Debug|Win32
		{E7F67FB2-0691-4C3F-BA7C-456C36E03D3D}.Debug|x86.Build.0 = Debug|Win32
		{E7F67FB2-0691-4C3F-BA7C-456C36E03D3D}.Release|x64.ActiveCfg = Release|x64
		{E7F67FB2-0691-4C3F-BA7C-456C36E03D3D}.Release|x64.Build.0 = Release|x64
		{E7F67FB2-0691-4C3F-BA7C-456C36E03D3D}.Release|x86.ActiveCfg = Release|Win32
		{E7F67FB2-0691-4C3F-BA7C-456C36E03D3D}.Release|x86.Build.0 = Release|Win32
		{964149E4-0B73-4CBE-87C1-FBDC34A7AFE1}.Debug|x64.ActiveCfg = Debug|x64
		{964149E4-0B73-4CBE-87C1-FBDC34A7AFE1}.Debug|x64.Build.0 = Debug|x64
		{964149E4-0B73-4CBE-87C1-FBDC34A7AFE1}.Debug|x86.ActiveCfg = Debug|Win32
		{964149E4-0B73-4CBE-87C1-FBDC34A7AFE1}.Debug|x86.Build.0 = Debug|Win32
		{964149E4-0B73-4CBE-87C1-FBDC34A7AFE1}.Release|x64.ActiveCfg = Release|x64
		{964149E4-0B73-4CBE-87C1-FBDC34A7AFE1}.Release|x64.Build.0 = Release|x64
		{964149E4-0B73-4CBE-87C1-FBDC34A7AFE1}.Release|x86.ActiveCfg = Release|Win32
		{964149E4-0B73-4CBE-87C1-FBDC34A7AFE1}.Release|x86.Build.0 = Release|Win32
		{47E4726E-D110-4B58-8D78-F96BF8A522C4}.Debug|x64.ActiveCfg = Debug|x64
		{47E4726E-D110-4B58-8D78-F96BF8A522C4}.Debug|x64.Build.0 = Debug|x64
		{47E4726E-D110-4B58-8D78-F96BF8A522C4}.Debug|x86.ActiveCfg = Debug|Win32
		{47E4726E-D110-4B58-8D78-F96BF8A522C4}.Debug|x86.Build.0 = Debug|Win32
		{47E4726E-D110-4B58-8D78-F96BF8A522C4}.Release|x64.ActiveCfg = Release|x64
		{47E4726E-D110-4B58-8D78-F96BF8A522C4}.Release|x64.Build.0 = Release|x64
		{47E4726E-D110-4B58-8D78-F96BF8A522C4}.Release|x86.ActiveCfg = Release|Win32
		{47E4726E-D110-4B58-8D78-F96BF8A522C4}.Release|x86.Build.0 = Release|Win32
		{9CCF1F46-77FB-4BA7-8B63-5D0441CFE6D2}.Debug|x64.ActiveCfg = Debug|x64
		{9CCF1F46-77FB-4BA7-8B63-5D0441CFE6D2}.Debug|x64.Build.0 = Debug|x64
		{9CCF1F46-77FB-4BA7-8B63-5D0441CFE6D2}.Debug|x86.ActiveCfg = Debug|Win32
		{9CCF1F46-77FB-4BA7-8B63-5D0441CFE6D2}.Debug|x86.Build.0 = Debug|Win32
		{9CCF1F46-77FB-4BA7-8B63-5D0441CFE6D2}.Release|x64.ActiveCfg = Release|x64
		{9CCF1F46-77FB-4BA7-8B63-5D0441CFE6D2}.Release|x64.Build.0 = Release|x64
		{9CCF1F46-77FB-4BA7-8B63-5D0441CFE6D2}.Release|x86.ActiveCfg = Release|Win32
		{9CCF1F46-77FB-4BA7-8B63-5D0441CFE6D2}.Release|x86.Build.0 = Release|Win32
		{7426F0DE-E6FA-45A8-8056-741B0952D633}.Debug|x64.ActiveCfg = Debug|x64
		{7426F0DE-E6FA-45A8-8056-741B0952D633}.Debug|x64.Build.0 = Debug|x64
		{7426F0DE-E6FA-45A8-8056-741B0952D633}.Debug|x86.ActiveCfg = Debug|Win32
		{7426F0DE-E6FA-45A8-8056-741B0952D633}.Debug|x86.Build.0 = Debug|Win32
		{7426F0DE-E6FA-45A8-8056-741B0952D633}.Release|x64.ActiveCfg = Release|x64
		{7426F0DE-E6FA-45A8-8056-741B0952D633}.Release|x64.Build.0 = Release|x64
		{7426F0DE-E6FA-45A8-8056-741B0952D633}.Release|x86.ActiveCfg = Release|Win32
		{7426F0DE-E6FA-45A8-8056-741B0952D633}.Release|x86.Build.0 = Release|Win32
		{4EDE414F-2F04-494A-92F9-A3021C768E8B}.Debug|x64.ActiveCfg = Debug|x64
		{4EDE414F-2F04-494A-92F9-A3021C768E8B}.Debug|x64.Build.0 = Debug|x64
		{4EDE414F-2F04-494A-92F9-A3021C768E8B}.Debug|x86.ActiveCfg = Debug|Win32
		{4EDE414F-2F04-494A-92F9-A3021C768E8B}.Debug|x86.Build.0 = Debug|Win32
		{4EDE414F-2F04-494A-92F9-A3021C768E8B}.Release|x64.ActiveCfg = Release|x64
		{4EDE414F-2F04-494A-92F9-A3021C768E8B}.Release|x64.Build.0 = Release|x64
		{4EDE414F-2F04-494A-92F9-A3021C768E8B}.Release|x86.ActiveCfg = Release|Win32
		{4EDE414F-2F04-494A-92F9-A3021C768E8B}.Release|x86.Build.0 = Release|Win32
		{BAFEAD9C-AD28-4817-AC7C-8FDCE3192B20}.Debug|x64.ActiveCfg = Debug|x64
		{BAFEAD9C-AD28-4817-AC7C-8FDCE3192B20}.Debug|x64.Build.0 = Debug|x64
		{BAFEAD9C-AD28-4817-AC7C-8FDCE3192B20}.Debug|x86.ActiveCfg = Debug|Win32
		{BAFEAD9C-AD28-4817-AC7C-8FDCE3192B20}.Debug|x86.Build.0 = Debug|Win32
		{BAFEAD9C-AD28-4817-AC7C-8FDCE3192B20}.Release|x64.ActiveCfg = Release|x64
		{BAFEAD9C-AD28-4817-AC7C-8FDCE3192B20}.Release|x64.Build.0 = Release|x64
		{BAFEAD9C-AD28-4817-AC7C-8FDCE3192B20}.Release|x86.ActiveCfg = Release|Win32
		{BAFEAD9C-AD28-4817-AC7C-8FDCE3192B20}.Release|x86.Build.0 = Release|Win32
		{0D63DACC-C7A1-4A67-A103-E85DF0324905}.Debug|x64.ActiveCfg = Debug|x64
		{0D63DACC-C7A1-4A67-A103-E85DF0324905}.Debug|x64.Build.0 = Debug|x64
		{0D63DACC-C7A1-4A67-A103-E85DF0324905}.Debug|x86.ActiveCfg = Debug|Win32
		{0D63DACC-C7A1-4A67-A103-E85DF0324905}.Debug|x86.Build.0 = Debug|Win32
		{0D63DACC-C7A1-4A67-A103-E85DF0324905}.Release|x64.ActiveCfg = Release|x64
		{0D63DACC-C7A1-4A67-A103-E85DF0324905}.Release|x64.Build.0 = Release|x64
		{0D63DACC-C7A1-4A67-A103-E85DF0324905}.Release|x86.ActiveCfg = Release|Win32
		{0D63DACC-C7A1-4A67-A103-E85DF0324905}.Release|x86.Build.0 = Release|Win32
		{5D82FF6F-2316-4CE9-BC94-1E288E1A7B42}.Debug|x64.ActiveCfg = Debug|x64
		{5D82FF6F-2316-4CE9-BC94-1E288E1A7B42}.Debug|x64.Build.0 = Debug|x64
		{5D82FF6F-2316-4CE9-BC94-1E288E1A7B42}.Debug|x86.ActiveCfg = Debug|Win32
		{5D82FF6F-2316-4CE9-BC94-1E288E1A7B42}.Debug|x86.Build.0 = Debug|Win32
		{5D82FF6F-2316-4CE9-BC94-1E288E1A7B42}.Release|x64.ActiveCfg = Release|x64
		{5D82FF6F-2316-4CE9-BC94-1E288E1A7B42}.Release|x64.Build.0 = Release|x64
		{5D82FF6F-2316-4CE9-BC94-1E288E1A7B42}.Release|x86.ActiveCfg = Release|Win32
		{5D82FF6F-2316-4CE9-BC94-1E288E1A7B42}.Release|x86.Build.0 = Release|Win32
		{34B96AC4-E474-43CA-8CA2-0F3BB857900C}.Debug|x64.ActiveCfg = Debug|x64
		{34B96AC4-E474-43CA-8CA2-0F3BB857900C}.Debug|x64.Build.0 = Debug|x64
		{34B96AC4-E474-43CA-8CA2-0F3BB857900C}.Debug|x86.ActiveCfg = Debug|Win32
		{34B96AC4-E474-43CA-8CA2-0F3BB857900C}.Debug|x86.Build.0 = Debug|Win32
		{34B96AC4-E474-43CA-8CA2-0F3BB857900C}.Release|x64.ActiveCfg = Release|x64
		{34B96AC4-E474-43CA-8CA2-0F3BB857900C}.Release|x64.Build.0 = Release|x64
		{34B96AC4-E474-43CA-8CA2-0F3BB857900C}.Release|x86.ActiveCfg = Release|Win32
		{34B96AC4-E474-43CA-8CA2-0F3BB857900C}.Release|x86.Build.0 = Release|Win32
		{C7531065-4D01-4202-B068-6F3EEAA80267}.Debug|x64.ActiveCfg = Debug|x64
		{C7531065-4D01-4202-B068-6F3EEAA80267}.Debug|x64.Build.0 = Debug|x64
		{C7531065-4D01-4202-B068-6F3EEAA80267}.Debug|x86.ActiveCfg = Debug|Win32
		{C7531065-4D01-4202-B068-6F3EEAA80267}.Debug|x86.Build.0 = Debug|Win32
		{C7531065-4D01-4202-B068-6F3EEAA80267}.Release|x64.ActiveCfg = Release|x64
		{C7531065-4D01-4202-B068-6F3EEAA80267}.Release|x64.Build.0 = Release|x64
		{C7531065-4D01-4202-B068-6F3EEAA80267}.Release|x86.ActiveCfg = Release|Win32
		{C7531065-4D01-4202-B068-6F3EEAA80267}.Release|x86.Build.0 = Release|Win32
	EndGlobalSection
	GlobalSection(SolutionProperties) = preSolution
		HideSolutionNode = FALSE
	EndGlobalSection
EndGlobal
